
Microsoft Visual Studio Solution File, Format Version 12.00
# Visual Studio Version 17
VisualStudioVersion = 17.5.33326.253
MinimumVisualStudioVersion = 10.0.40219.1
Project("{FAE04EC0-301F-11D3-BF4B-00C04F79EFBC}") = "Domain", "Domain\Domain.csproj", "{DAFCE421-D29C-4D67-B85B-CC435E9F8B8B}"
EndProject
Project("{FAE04EC0-301F-11D3-BF4B-00C04F79EFBC}") = "Persistence", "Persistence\Persistence.csproj", "{A9C14D1E-89A0-4EF8-91FA-53703C507D14}"
EndProject
Project("{FAE04EC0-301F-11D3-BF4B-00C04F79EFBC}") = "Application", "Application\Application.csproj", "{26FCF458-1E80-4DCF-B802-04B13DF9C3BF}"
EndProject
Project("{FAE04EC0-301F-11D3-BF4B-00C04F79EFBC}") = "Infrastructure", "Infrastructure\Infrastructure.csproj", "{120B002C-C705-4FBC-9CD5-E6EBC50B6937}"
EndProject
Project("{FAE04EC0-301F-11D3-BF4B-00C04F79EFBC}") = "ShopBackEnd.Api", "NorthWind.Api\ShopBackEnd.Api.csproj", "{64C81114-DEA9-4F8D-AEDA-F007B56E9CF0}"
EndProject
Global
	GlobalSection(SolutionConfigurationPlatforms) = preSolution
		Debug|Any CPU = Debug|Any CPU
		Release|Any CPU = Release|Any CPU
	EndGlobalSection
	GlobalSection(ProjectConfigurationPlatforms) = postSolution
		{DAFCE421-D29C-4D67-B85B-CC435E9F8B8B}.Debug|Any CPU.ActiveCfg = Debug|Any CPU
		{DAFCE421-D29C-4D67-B85B-CC435E9F8B8B}.Debug|Any CPU.Build.0 = Debug|Any CPU
		{DAFCE421-D29C-4D67-B85B-CC435E9F8B8B}.Release|Any CPU.ActiveCfg = Release|Any CPU
		{DAFCE421-D29C-4D67-B85B-CC435E9F8B8B}.Release|Any CPU.Build.0 = Release|Any CPU
		{A9C14D1E-89A0-4EF8-91FA-53703C507D14}.Debug|Any CPU.ActiveCfg = Debug|Any CPU
		{A9C14D1E-89A0-4EF8-91FA-53703C507D14}.Debug|Any CPU.Build.0 = Debug|Any CPU
		{A9C14D1E-89A0-4EF8-91FA-53703C507D14}.Release|Any CPU.ActiveCfg = Release|Any CPU
		{A9C14D1E-89A0-4EF8-91FA-53703C507D14}.Release|Any CPU.Build.0 = Release|Any CPU
		{26FCF458-1E80-4DCF-B802-04B13DF9C3BF}.Debug|Any CPU.ActiveCfg = Debug|Any CPU
		{26FCF458-1E80-4DCF-B802-04B13DF9C3BF}.Debug|Any CPU.Build.0 = Debug|Any CPU
		{26FCF458-1E80-4DCF-B802-04B13DF9C3BF}.Release|Any CPU.ActiveCfg = Release|Any CPU
		{26FCF458-1E80-4DCF-B802-04B13DF9C3BF}.Release|Any CPU.Build.0 = Release|Any CPU
		{120B002C-C705-4FBC-9CD5-E6EBC50B6937}.Debug|Any CPU.ActiveCfg = Debug|Any CPU
		{120B002C-C705-4FBC-9CD5-E6EBC50B6937}.Debug|Any CPU.Build.0 = Debug|Any CPU
		{120B002C-C705-4FBC-9CD5-E6EBC50B6937}.Release|Any CPU.ActiveCfg = Release|Any CPU
		{120B002C-C705-4FBC-9CD5-E6EBC50B6937}.Release|Any CPU.Build.0 = Release|Any CPU
		{64C81114-DEA9-4F8D-AEDA-F007B56E9CF0}.Debug|Any CPU.ActiveCfg = Debug|Any CPU
		{64C81114-DEA9-4F8D-AEDA-F007B56E9CF0}.Debug|Any CPU.Build.0 = Debug|Any CPU
		{64C81114-DEA9-4F8D-AEDA-F007B56E9CF0}.Release|Any CPU.ActiveCfg = Release|Any CPU
		{64C81114-DEA9-4F8D-AEDA-F007B56E9CF0}.Release|Any CPU.Build.0 = Release|Any CPU
	EndGlobalSection
	GlobalSection(SolutionProperties) = preSolution
		HideSolutionNode = FALSE
	EndGlobalSection
	GlobalSection(ExtensibilityGlobals) = postSolution
		SolutionGuid = {D8E74013-4B50-4542-9B1B-E603C51A53A4}
	EndGlobalSection
EndGlobal
